
Microsoft Visual Studio Solution File, Format Version 12.00
# Visual Studio Version 17
VisualStudioVersion = 17.13.35825.156 d17.13
MinimumVisualStudioVersion = 10.0.40219.1
Project("{FAE04EC0-301F-11D3-BF4B-00C04F79EFBC}") = "WindowsFormsApp12", "WindowsFormsApp12\WindowsFormsApp12.csproj", "{833C086D-8038-498E-A7B7-84CCB2FA72F9}"
EndProject
Global
	GlobalSection(SolutionConfigurationPlatforms) = preSolution
		Debug|Any CPU = Debug|Any CPU
		Release|Any CPU = Release|Any CPU
	EndGlobalSection
	GlobalSection(ProjectConfigurationPlatforms) = postSolution
		{833C086D-8038-498E-A7B7-84CCB2FA72F9}.Debug|Any CPU.ActiveCfg = Debug|Any CPU
		{833C086D-8038-498E-A7B7-84CCB2FA72F9}.Debug|Any CPU.Build.0 = Debug|Any CPU
		{833C086D-8038-498E-A7B7-84CCB2FA72F9}.Release|Any CPU.ActiveCfg = Release|Any CPU
		{833C086D-8038-498E-A7B7-84CCB2FA72F9}.Release|Any CPU.Build.0 = Release|Any CPU
	EndGlobalSection
	GlobalSection(SolutionProperties) = preSolution
		HideSolutionNode = FALSE
	EndGlobalSection
	GlobalSection(ExtensibilityGlobals) = postSolution
		SolutionGuid = {9A3C9321-810C-40CA-BC45-3A0CDF82616A}
	EndGlobalSection
EndGlobal
